
Microsoft Visual Studio Solution File, Format Version 12.00
# Visual Studio Version 16
VisualStudioVersion = 16.0.32510.428
MinimumVisualStudioVersion = 10.0.40219.1
Project("{FAE04EC0-301F-11D3-BF4B-00C04F79EFBC}") = "ProductsAPI", "ProductsAPI\ProductsAPI.csproj", "{546ECF56-F70B-45A7-BB0B-111ED0AA4647}"
EndProject
Global
	GlobalSection(SolutionConfigurationPlatforms) = preSolution
		Debug|Any CPU = Debug|Any CPU
		Release|Any CPU = Release|Any CPU
	EndGlobalSection
	GlobalSection(ProjectConfigurationPlatforms) = postSolution
		{546ECF56-F70B-45A7-BB0B-111ED0AA4647}.Debug|Any CPU.ActiveCfg = Debug|Any CPU
		{546ECF56-F70B-45A7-BB0B-111ED0AA4647}.Debug|Any CPU.Build.0 = Debug|Any CPU
		{546ECF56-F70B-45A7-BB0B-111ED0AA4647}.Release|Any CPU.ActiveCfg = Release|Any CPU
		{546ECF56-F70B-45A7-BB0B-111ED0AA4647}.Release|Any CPU.Build.0 = Release|Any CPU
	EndGlobalSection
	GlobalSection(SolutionProperties) = preSolution
		HideSolutionNode = FALSE
	EndGlobalSection
	GlobalSection(ExtensibilityGlobals) = postSolution
		SolutionGuid = {75DE88F7-EED8-433E-B94B-7A14295B91A7}
	EndGlobalSection
EndGlobal
